
Microsoft Visual Studio Solution File, Format Version 12.00
# Visual Studio Version 17
VisualStudioVersion = 17.3.32929.385
MinimumVisualStudioVersion = 10.0.40219.1
Project("{9A19103F-16F7-4668-BE54-9A1E7A4F7556}") = "BugReportTest.Server", "BugReportTest\Server\BugReportTest.Server.csproj", "{01C5F02F-1BFD-4EDF-90B5-4E4B95C6DE18}"
EndProject
Project("{9A19103F-16F7-4668-BE54-9A1E7A4F7556}") = "BugReportTest.Client", "BugReportTest\Client\BugReportTest.Client.csproj", "{E2F37AAC-BE3C-4004-B343-EF93211575EE}"
EndProject
Project("{9A19103F-16F7-4668-BE54-9A1E7A4F7556}") = "BugReportTest.Shared", "BugReportTest\Shared\BugReportTest.Shared.csproj", "{A3E2D458-77EA-4416-AF2F-E4453F9965D6}"
EndProject
Global
	GlobalSection(SolutionConfigurationPlatforms) = preSolution
		Debug|Any CPU = Debug|Any CPU
		Release|Any CPU = Release|Any CPU
	EndGlobalSection
	GlobalSection(ProjectConfigurationPlatforms) = postSolution
		{01C5F02F-1BFD-4EDF-90B5-4E4B95C6DE18}.Debug|Any CPU.ActiveCfg = Debug|Any CPU
		{01C5F02F-1BFD-4EDF-90B5-4E4B95C6DE18}.Debug|Any CPU.Build.0 = Debug|Any CPU
		{01C5F02F-1BFD-4EDF-90B5-4E4B95C6DE18}.Release|Any CPU.ActiveCfg = Release|Any CPU
		{01C5F02F-1BFD-4EDF-90B5-4E4B95C6DE18}.Release|Any CPU.Build.0 = Release|Any CPU
		{E2F37AAC-BE3C-4004-B343-EF93211575EE}.Debug|Any CPU.ActiveCfg = Debug|Any CPU
		{E2F37AAC-BE3C-4004-B343-EF93211575EE}.Debug|Any CPU.Build.0 = Debug|Any CPU
		{E2F37AAC-BE3C-4004-B343-EF93211575EE}.Release|Any CPU.ActiveCfg = Release|Any CPU
		{E2F37AAC-BE3C-4004-B343-EF93211575EE}.Release|Any CPU.Build.0 = Release|Any CPU
		{A3E2D458-77EA-4416-AF2F-E4453F9965D6}.Debug|Any CPU.ActiveCfg = Debug|Any CPU
		{A3E2D458-77EA-4416-AF2F-E4453F9965D6}.Debug|Any CPU.Build.0 = Debug|Any CPU
		{A3E2D458-77EA-4416-AF2F-E4453F9965D6}.Release|Any CPU.ActiveCfg = Release|Any CPU
		{A3E2D458-77EA-4416-AF2F-E4453F9965D6}.Release|Any CPU.Build.0 = Release|Any CPU
	EndGlobalSection
	GlobalSection(SolutionProperties) = preSolution
		HideSolutionNode = FALSE
	EndGlobalSection
	GlobalSection(ExtensibilityGlobals) = postSolution
		SolutionGuid = {F760C847-83F9-4832-B209-2A8AA855B2A9}
	EndGlobalSection
EndGlobal
